
Microsoft Visual Studio Solution File, Format Version 12.00
# Visual Studio Version 16
VisualStudioVersion = 16.0.31729.503
MinimumVisualStudioVersion = 10.0.40219.1
Project("{9A19103F-16F7-4668-BE54-9A1E7A4F7556}") = "AS_Assignment", "AS_Assignment.csproj", "{18588093-E996-4290-865E-12AC207B7A97}"
EndProject
Global
	GlobalSection(SolutionConfigurationPlatforms) = preSolution
		Debug|Any CPU = Debug|Any CPU
		Release|Any CPU = Release|Any CPU
	EndGlobalSection
	GlobalSection(ProjectConfigurationPlatforms) = postSolution
		{18588093-E996-4290-865E-12AC207B7A97}.Debug|Any CPU.ActiveCfg = Debug|Any CPU
		{18588093-E996-4290-865E-12AC207B7A97}.Debug|Any CPU.Build.0 = Debug|Any CPU
		{18588093-E996-4290-865E-12AC207B7A97}.Release|Any CPU.ActiveCfg = Release|Any CPU
		{18588093-E996-4290-865E-12AC207B7A97}.Release|Any CPU.Build.0 = Release|Any CPU
	EndGlobalSection
	GlobalSection(SolutionProperties) = preSolution
		HideSolutionNode = FALSE
	EndGlobalSection
	GlobalSection(ExtensibilityGlobals) = postSolution
		SolutionGuid = {6C8E6701-689E-45A9-9DA6-C51E42E4A140}
	EndGlobalSection
EndGlobal
